// !$*UTF8*$!
{
	archiveVersion = 1;
	classes = {
	};
	objectVersion = 55;
	objects = {

/* Begin PBXBuildFile section */
		F670ACE52919432400DAF158 /* AppDelegate.swift in Sources */ = {isa = PBXBuildFile; fileRef = F670ACE42919432400DAF158 /* AppDelegate.swift */; };
		F670ACE72919432400DAF158 /* SceneDelegate.swift in Sources */ = {isa = PBXBuildFile; fileRef = F670ACE62919432400DAF158 /* SceneDelegate.swift */; };
		F670ACEC2919432400DAF158 /* Main.storyboard in Resources */ = {isa = PBXBuildFile; fileRef = F670ACEA2919432400DAF158 /* Main.storyboard */; };
		F670ACEE2919432700DAF158 /* Assets.xcassets in Resources */ = {isa = PBXBuildFile; fileRef = F670ACED2919432700DAF158 /* Assets.xcassets */; };
		F670ACF12919432700DAF158 /* LaunchScreen.storyboard in Resources */ = {isa = PBXBuildFile; fileRef = F670ACEF2919432700DAF158 /* LaunchScreen.storyboard */; };
		F670ACFE29194F0500DAF158 /* Onboarding_VC.swift in Sources */ = {isa = PBXBuildFile; fileRef = F670ACFD29194F0500DAF158 /* Onboarding_VC.swift */; };
		F670AD01291953B100DAF158 /* ExtensionForUIView.swift in Sources */ = {isa = PBXBuildFile; fileRef = F670AD00291953B100DAF158 /* ExtensionForUIView.swift */; };
		F670AD032919563B00DAF158 /* OnboardingSlide.swift in Sources */ = {isa = PBXBuildFile; fileRef = F670AD022919563B00DAF158 /* OnboardingSlide.swift */; };
		F670AD052919590E00DAF158 /* OnboardingCollectionViewCell.swift in Sources */ = {isa = PBXBuildFile; fileRef = F670AD042919590E00DAF158 /* OnboardingCollectionViewCell.swift */; };
		F6D0D93C291A79B90049DA46 /* HomeViewController.swift in Sources */ = {isa = PBXBuildFile; fileRef = F6D0D93B291A79B90049DA46 /* HomeViewController.swift */; };
		F6D0D943291A80200049DA46 /* CategoryCollectionViewCell.swift in Sources */ = {isa = PBXBuildFile; fileRef = F6D0D941291A80200049DA46 /* CategoryCollectionViewCell.swift */; };
		F6D0D944291A80200049DA46 /* CategoryCollectionViewCell.xib in Resources */ = {isa = PBXBuildFile; fileRef = F6D0D942291A80200049DA46 /* CategoryCollectionViewCell.xib */; };
		F6D0D946291A8D4B0049DA46 /* DishCategory.swift in Sources */ = {isa = PBXBuildFile; fileRef = F6D0D945291A8D4B0049DA46 /* DishCategory.swift */; };
		F6D0D949291A8F2F0049DA46 /* Kingfisher in Frameworks */ = {isa = PBXBuildFile; productRef = F6D0D948291A8F2F0049DA46 /* Kingfisher */; };
		F6D0D94B291A913B0049DA46 /* StringExtension.swift in Sources */ = {isa = PBXBuildFile; fileRef = F6D0D94A291A913B0049DA46 /* StringExtension.swift */; };
		F6D0D94E291A985A0049DA46 /* CardView.swift in Sources */ = {isa = PBXBuildFile; fileRef = F6D0D94D291A985A0049DA46 /* CardView.swift */; };
/* End PBXBuildFile section */

/* Begin PBXFileReference section */
		F670ACE12919432400DAF158 /* Enjoyable.app */ = {isa = PBXFileReference; explicitFileType = wrapper.application; includeInIndex = 0; path = Enjoyable.app; sourceTree = BUILT_PRODUCTS_DIR; };
		F670ACE42919432400DAF158 /* AppDelegate.swift */ = {isa = PBXFileReference; lastKnownFileType = sourcecode.swift; path = AppDelegate.swift; sourceTree = "<group>"; };
		F670ACE62919432400DAF158 /* SceneDelegate.swift */ = {isa = PBXFileReference; lastKnownFileType = sourcecode.swift; path = SceneDelegate.swift; sourceTree = "<group>"; };
		F670ACEB2919432400DAF158 /* Base */ = {isa = PBXFileReference; lastKnownFileType = file.storyboard; name = Base; path = Base.lproj/Main.storyboard; sourceTree = "<group>"; };
		F670ACED2919432700DAF158 /* Assets.xcassets */ = {isa = PBXFileReference; lastKnownFileType = folder.assetcatalog; path = Assets.xcassets; sourceTree = "<group>"; };
		F670ACF02919432700DAF158 /* Base */ = {isa = PBXFileReference; lastKnownFileType = file.storyboard; name = Base; path = Base.lproj/LaunchScreen.storyboard; sourceTree = "<group>"; };
		F670ACF22919432700DAF158 /* Info.plist */ = {isa = PBXFileReference; lastKnownFileType = text.plist.xml; path = Info.plist; sourceTree = "<group>"; };
		F670ACFD29194F0500DAF158 /* Onboarding_VC.swift */ = {isa = PBXFileReference; lastKnownFileType = sourcecode.swift; path = Onboarding_VC.swift; sourceTree = "<group>"; };
		F670AD00291953B100DAF158 /* ExtensionForUIView.swift */ = {isa = PBXFileReference; lastKnownFileType = sourcecode.swift; path = ExtensionForUIView.swift; sourceTree = "<group>"; };
		F670AD022919563B00DAF158 /* OnboardingSlide.swift */ = {isa = PBXFileReference; lastKnownFileType = sourcecode.swift; path = OnboardingSlide.swift; sourceTree = "<group>"; };
		F670AD042919590E00DAF158 /* OnboardingCollectionViewCell.swift */ = {isa = PBXFileReference; lastKnownFileType = sourcecode.swift; path = OnboardingCollectionViewCell.swift; sourceTree = "<group>"; };
		F6D0D93B291A79B90049DA46 /* HomeViewController.swift */ = {isa = PBXFileReference; lastKnownFileType = sourcecode.swift; path = HomeViewController.swift; sourceTree = "<group>"; };
		F6D0D941291A80200049DA46 /* CategoryCollectionViewCell.swift */ = {isa = PBXFileReference; lastKnownFileType = sourcecode.swift; path = CategoryCollectionViewCell.swift; sourceTree = "<group>"; };
		F6D0D942291A80200049DA46 /* CategoryCollectionViewCell.xib */ = {isa = PBXFileReference; lastKnownFileType = file.xib; path = CategoryCollectionViewCell.xib; sourceTree = "<group>"; };
		F6D0D945291A8D4B0049DA46 /* DishCategory.swift */ = {isa = PBXFileReference; lastKnownFileType = sourcecode.swift; path = DishCategory.swift; sourceTree = "<group>"; };
		F6D0D94A291A913B0049DA46 /* StringExtension.swift */ = {isa = PBXFileReference; lastKnownFileType = sourcecode.swift; path = StringExtension.swift; sourceTree = "<group>"; };
		F6D0D94D291A985A0049DA46 /* CardView.swift */ = {isa = PBXFileReference; lastKnownFileType = sourcecode.swift; path = CardView.swift; sourceTree = "<group>"; };
/* End PBXFileReference section */

/* Begin PBXFrameworksBuildPhase section */
		F670ACDE2919432400DAF158 /* Frameworks */ = {
			isa = PBXFrameworksBuildPhase;
			buildActionMask = 2147483647;
			files = (
				F6D0D949291A8F2F0049DA46 /* Kingfisher in Frameworks */,
			);
			runOnlyForDeploymentPostprocessing = 0;
		};
/* End PBXFrameworksBuildPhase section */

/* Begin PBXGroup section */
		F670ACD82919432400DAF158 = {
			isa = PBXGroup;
			children = (
				F670ACE32919432400DAF158 /* Enjoyable */,
				F670ACE22919432400DAF158 /* Products */,
			);
			sourceTree = "<group>";
		};
		F670ACE22919432400DAF158 /* Products */ = {
			isa = PBXGroup;
			children = (
				F670ACE12919432400DAF158 /* Enjoyable.app */,
			);
			name = Products;
			sourceTree = "<group>";
		};
		F670ACE32919432400DAF158 /* Enjoyable */ = {
			isa = PBXGroup;
			children = (
				F670ACFF2919534F00DAF158 /* Extensions */,
				F670ACFB29194E7200DAF158 /* CustomViews */,
				F670ACFA29194E6C00DAF158 /* Views */,
				F670ACF929194E6300DAF158 /* Models */,
				F670ACE42919432400DAF158 /* AppDelegate.swift */,
				F670ACE62919432400DAF158 /* SceneDelegate.swift */,
				F670ACED2919432700DAF158 /* Assets.xcassets */,
				F670ACEF2919432700DAF158 /* LaunchScreen.storyboard */,
				F670ACF22919432700DAF158 /* Info.plist */,
			);
			path = Enjoyable;
			sourceTree = "<group>";
		};
		F670ACF929194E6300DAF158 /* Models */ = {
			isa = PBXGroup;
			children = (
				F670AD022919563B00DAF158 /* OnboardingSlide.swift */,
				F6D0D945291A8D4B0049DA46 /* DishCategory.swift */,
			);
			path = Models;
			sourceTree = "<group>";
		};
		F670ACFA29194E6C00DAF158 /* Views */ = {
			isa = PBXGroup;
			children = (
				F670ACFC29194EAD00DAF158 /* Onboarding */,
				F6D0D93A291A799A0049DA46 /* Home */,
			);
			path = Views;
			sourceTree = "<group>";
		};
		F670ACFB29194E7200DAF158 /* CustomViews */ = {
			isa = PBXGroup;
			children = (
				F6D0D94C291A98420049DA46 /* CardView */,
				F6D0D93D291A7F900049DA46 /* CollectionViewCells */,
			);
			path = CustomViews;
			sourceTree = "<group>";
		};
		F670ACFC29194EAD00DAF158 /* Onboarding */ = {
			isa = PBXGroup;
			children = (
				F670ACFD29194F0500DAF158 /* Onboarding_VC.swift */,
				F670AD042919590E00DAF158 /* OnboardingCollectionViewCell.swift */,
			);
			path = Onboarding;
			sourceTree = "<group>";
		};
		F670ACFF2919534F00DAF158 /* Extensions */ = {
			isa = PBXGroup;
			children = (
				F670AD00291953B100DAF158 /* ExtensionForUIView.swift */,
				F6D0D94A291A913B0049DA46 /* StringExtension.swift */,
			);
			path = Extensions;
			sourceTree = "<group>";
		};
		F6D0D93A291A799A0049DA46 /* Home */ = {
			isa = PBXGroup;
			children = (
				F670ACEA2919432400DAF158 /* Main.storyboard */,
				F6D0D93B291A79B90049DA46 /* HomeViewController.swift */,
			);
			path = Home;
			sourceTree = "<group>";
		};
		F6D0D93D291A7F900049DA46 /* CollectionViewCells */ = {
			isa = PBXGroup;
			children = (
				F6D0D93E291A7FBF0049DA46 /* CategoryCollectionViewCells */,
			);
			path = CollectionViewCells;
			sourceTree = "<group>";
		};
		F6D0D93E291A7FBF0049DA46 /* CategoryCollectionViewCells */ = {
			isa = PBXGroup;
			children = (
				F6D0D941291A80200049DA46 /* CategoryCollectionViewCell.swift */,
				F6D0D942291A80200049DA46 /* CategoryCollectionViewCell.xib */,
			);
			path = CategoryCollectionViewCells;
			sourceTree = "<group>";
		};
		F6D0D94C291A98420049DA46 /* CardView */ = {
			isa = PBXGroup;
			children = (
				F6D0D94D291A985A0049DA46 /* CardView.swift */,
			);
			path = CardView;
			sourceTree = "<group>";
		};
/* End PBXGroup section */

/* Begin PBXNativeTarget section */
		F670ACE02919432400DAF158 /* Enjoyable */ = {
			isa = PBXNativeTarget;
			buildConfigurationList = F670ACF52919432700DAF158 /* Build configuration list for PBXNativeTarget "Enjoyable" */;
			buildPhases = (
				F670ACDD2919432400DAF158 /* Sources */,
				F670ACDE2919432400DAF158 /* Frameworks */,
				F670ACDF2919432400DAF158 /* Resources */,
			);
			buildRules = (
			);
			dependencies = (
			);
			name = Enjoyable;
			packageProductDependencies = (
				F6D0D948291A8F2F0049DA46 /* Kingfisher */,
			);
			productName = Enjoyable;
			productReference = F670ACE12919432400DAF158 /* Enjoyable.app */;
			productType = "com.apple.product-type.application";
		};
/* End PBXNativeTarget section */

/* Begin PBXProject section */
		F670ACD92919432400DAF158 /* Project object */ = {
			isa = PBXProject;
			attributes = {
				BuildIndependentTargetsInParallel = 1;
				LastSwiftUpdateCheck = 1340;
				LastUpgradeCheck = 1340;
				TargetAttributes = {
					F670ACE02919432400DAF158 = {
						CreatedOnToolsVersion = 13.4;
					};
				};
			};
			buildConfigurationList = F670ACDC2919432400DAF158 /* Build configuration list for PBXProject "Enjoyable" */;
			compatibilityVersion = "Xcode 13.0";
			developmentRegion = en;
			hasScannedForEncodings = 0;
			knownRegions = (
				en,
				Base,
			);
			mainGroup = F670ACD82919432400DAF158;
			packageReferences = (
				F6D0D947291A8F2F0049DA46 /* XCRemoteSwiftPackageReference "Kingfisher" */,
			);
			productRefGroup = F670ACE22919432400DAF158 /* Products */;
			projectDirPath = "";
			projectRoot = "";
			targets = (
				F670ACE02919432400DAF158 /* Enjoyable */,
			);
		};
/* End PBXProject section */

/* Begin PBXResourcesBuildPhase section */
		F670ACDF2919432400DAF158 /* Resources */ = {
			isa = PBXResourcesBuildPhase;
			buildActionMask = 2147483647;
			files = (
				F6D0D944291A80200049DA46 /* CategoryCollectionViewCell.xib in Resources */,
				F670ACF12919432700DAF158 /* LaunchScreen.storyboard in Resources */,
				F670ACEE2919432700DAF158 /* Assets.xcassets in Resources */,
				F670ACEC2919432400DAF158 /* Main.storyboard in Resources */,
			);
			runOnlyForDeploymentPostprocessing = 0;
		};
/* End PBXResourcesBuildPhase section */

/* Begin PBXSourcesBuildPhase section */
		F670ACDD2919432400DAF158 /* Sources */ = {
			isa = PBXSourcesBuildPhase;
			buildActionMask = 2147483647;
			files = (
				F6D0D943291A80200049DA46 /* CategoryCollectionViewCell.swift in Sources */,
				F670AD032919563B00DAF158 /* OnboardingSlide.swift in Sources */,
				F6D0D94B291A913B0049DA46 /* StringExtension.swift in Sources */,
				F670AD01291953B100DAF158 /* ExtensionForUIView.swift in Sources */,
				F670ACFE29194F0500DAF158 /* Onboarding_VC.swift in Sources */,
				F670ACE52919432400DAF158 /* AppDelegate.swift in Sources */,
				F670ACE72919432400DAF158 /* SceneDelegate.swift in Sources */,
				F6D0D93C291A79B90049DA46 /* HomeViewController.swift in Sources */,
				F6D0D946291A8D4B0049DA46 /* DishCategory.swift in Sources */,
				F6D0D94E291A985A0049DA46 /* CardView.swift in Sources */,
				F670AD052919590E00DAF158 /* OnboardingCollectionViewCell.swift in Sources */,
			);
			runOnlyForDeploymentPostprocessing = 0;
		};
/* End PBXSourcesBuildPhase section */

/* Begin PBXVariantGroup section */
		F670ACEA2919432400DAF158 /* Main.storyboard */ = {
			isa = PBXVariantGroup;
			children = (
				F670ACEB2919432400DAF158 /* Base */,
			);
			name = Main.storyboard;
			sourceTree = "<group>";
		};
		F670ACEF2919432700DAF158 /* LaunchScreen.storyboard */ = {
			isa = PBXVariantGroup;
			children = (
				F670ACF02919432700DAF158 /* Base */,
			);
			name = LaunchScreen.storyboard;
			sourceTree = "<group>";
		};
/* End PBXVariantGroup section */

/* Begin XCBuildConfiguration section */
		F670ACF32919432700DAF158 /* Debug */ = {
			isa = XCBuildConfiguration;
			buildSettings = {
				ALWAYS_SEARCH_USER_PATHS = NO;
				CLANG_ANALYZER_NONNULL = YES;
				CLANG_ANALYZER_NUMBER_OBJECT_CONVERSION = YES_AGGRESSIVE;
				CLANG_CXX_LANGUAGE_STANDARD = "gnu++17";
				CLANG_ENABLE_MODULES = YES;
				CLANG_ENABLE_OBJC_ARC = YES;
				CLANG_ENABLE_OBJC_WEAK = YES;
				CLANG_WARN_BLOCK_CAPTURE_AUTORELEASING = YES;
				CLANG_WARN_BOOL_CONVERSION = YES;
				CLANG_WARN_COMMA = YES;
				CLANG_WARN_CONSTANT_CONVERSION = YES;
				CLANG_WARN_DEPRECATED_OBJC_IMPLEMENTATIONS = YES;
				CLANG_WARN_DIRECT_OBJC_ISA_USAGE = YES_ERROR;
				CLANG_WARN_DOCUMENTATION_COMMENTS = YES;
				CLANG_WARN_EMPTY_BODY = YES;
				CLANG_WARN_ENUM_CONVERSION = YES;
				CLANG_WARN_INFINITE_RECURSION = YES;
				CLANG_WARN_INT_CONVERSION = YES;
				CLANG_WARN_NON_LITERAL_NULL_CONVERSION = YES;
				CLANG_WARN_OBJC_IMPLICIT_RETAIN_SELF = YES;
				CLANG_WARN_OBJC_LITERAL_CONVERSION = YES;
				CLANG_WARN_OBJC_ROOT_CLASS = YES_ERROR;
				CLANG_WARN_QUOTED_INCLUDE_IN_FRAMEWORK_HEADER = YES;
				CLANG_WARN_RANGE_LOOP_ANALYSIS = YES;
				CLANG_WARN_STRICT_PROTOTYPES = YES;
				CLANG_WARN_SUSPICIOUS_MOVE = YES;
				CLANG_WARN_UNGUARDED_AVAILABILITY = YES_AGGRESSIVE;
				CLANG_WARN_UNREACHABLE_CODE = YES;
				CLANG_WARN__DUPLICATE_METHOD_MATCH = YES;
				COPY_PHASE_STRIP = NO;
				DEBUG_INFORMATION_FORMAT = dwarf;
				ENABLE_STRICT_OBJC_MSGSEND = YES;
				ENABLE_TESTABILITY = YES;
				GCC_C_LANGUAGE_STANDARD = gnu11;
				GCC_DYNAMIC_NO_PIC = NO;
				GCC_NO_COMMON_BLOCKS = YES;
				GCC_OPTIMIZATION_LEVEL = 0;
				GCC_PREPROCESSOR_DEFINITIONS = (
					"DEBUG=1",
					"$(inherited)",
				);
				GCC_WARN_64_TO_32_BIT_CONVERSION = YES;
				GCC_WARN_ABOUT_RETURN_TYPE = YES_ERROR;
				GCC_WARN_UNDECLARED_SELECTOR = YES;
				GCC_WARN_UNINITIALIZED_AUTOS = YES_AGGRESSIVE;
				GCC_WARN_UNUSED_FUNCTION = YES;
				GCC_WARN_UNUSED_VARIABLE = YES;
				IPHONEOS_DEPLOYMENT_TARGET = 15.5;
				MTL_ENABLE_DEBUG_INFO = INCLUDE_SOURCE;
				MTL_FAST_MATH = YES;
				ONLY_ACTIVE_ARCH = YES;
				SDKROOT = iphoneos;
				SWIFT_ACTIVE_COMPILATION_CONDITIONS = DEBUG;
				SWIFT_OPTIMIZATION_LEVEL = "-Onone";
			};
			name = Debug;
		};
		F670ACF42919432700DAF158 /* Release */ = {
			isa = XCBuildConfiguration;
			buildSettings = {
				ALWAYS_SEARCH_USER_PATHS = NO;
				CLANG_ANALYZER_NONNULL = YES;
				CLANG_ANALYZER_NUMBER_OBJECT_CONVERSION = YES_AGGRESSIVE;
				CLANG_CXX_LANGUAGE_STANDARD = "gnu++17";
				CLANG_ENABLE_MODULES = YES;
				CLANG_ENABLE_OBJC_ARC = YES;
				CLANG_ENABLE_OBJC_WEAK = YES;
				CLANG_WARN_BLOCK_CAPTURE_AUTORELEASING = YES;
				CLANG_WARN_BOOL_CONVERSION = YES;
				CLANG_WARN_COMMA = YES;
				CLANG_WARN_CONSTANT_CONVERSION = YES;
				CLANG_WARN_DEPRECATED_OBJC_IMPLEMENTATIONS = YES;
				CLANG_WARN_DIRECT_OBJC_ISA_USAGE = YES_ERROR;
				CLANG_WARN_DOCUMENTATION_COMMENTS = YES;
				CLANG_WARN_EMPTY_BODY = YES;
				CLANG_WARN_ENUM_CONVERSION = YES;
				CLANG_WARN_INFINITE_RECURSION = YES;
				CLANG_WARN_INT_CONVERSION = YES;
				CLANG_WARN_NON_LITERAL_NULL_CONVERSION = YES;
				CLANG_WARN_OBJC_IMPLICIT_RETAIN_SELF = YES;
				CLANG_WARN_OBJC_LITERAL_CONVERSION = YES;
				CLANG_WARN_OBJC_ROOT_CLASS = YES_ERROR;
				CLANG_WARN_QUOTED_INCLUDE_IN_FRAMEWORK_HEADER = YES;
				CLANG_WARN_RANGE_LOOP_ANALYSIS = YES;
				CLANG_WARN_STRICT_PROTOTYPES = YES;
				CLANG_WARN_SUSPICIOUS_MOVE = YES;
				CLANG_WARN_UNGUARDED_AVAILABILITY = YES_AGGRESSIVE;
				CLANG_WARN_UNREACHABLE_CODE = YES;
				CLANG_WARN__DUPLICATE_METHOD_MATCH = YES;
				COPY_PHASE_STRIP = NO;
				DEBUG_INFORMATION_FORMAT = "dwarf-with-dsym";
				ENABLE_NS_ASSERTIONS = NO;
				ENABLE_STRICT_OBJC_MSGSEND = YES;
				GCC_C_LANGUAGE_STANDARD = gnu11;
				GCC_NO_COMMON_BLOCKS = YES;
				GCC_WARN_64_TO_32_BIT_CONVERSION = YES;
				GCC_WARN_ABOUT_RETURN_TYPE = YES_ERROR;
				GCC_WARN_UNDECLARED_SELECTOR = YES;
				GCC_WARN_UNINITIALIZED_AUTOS = YES_AGGRESSIVE;
				GCC_WARN_UNUSED_FUNCTION = YES;
				GCC_WARN_UNUSED_VARIABLE = YES;
				IPHONEOS_DEPLOYMENT_TARGET = 15.5;
				MTL_ENABLE_DEBUG_INFO = NO;
				MTL_FAST_MATH = YES;
				SDKROOT = iphoneos;
				SWIFT_COMPILATION_MODE = wholemodule;
				SWIFT_OPTIMIZATION_LEVEL = "-O";
				VALIDATE_PRODUCT = YES;
			};
			name = Release;
		};
		F670ACF62919432700DAF158 /* Debug */ = {
			isa = XCBuildConfiguration;
			buildSettings = {
				ASSETCATALOG_COMPILER_APPICON_NAME = AppIcon;
				ASSETCATALOG_COMPILER_GLOBAL_ACCENT_COLOR_NAME = AccentColor;
				CODE_SIGN_STYLE = Automatic;
				CURRENT_PROJECT_VERSION = 1;
				DEVELOPMENT_TEAM = LWVBT323AX;
				GENERATE_INFOPLIST_FILE = YES;
				INFOPLIST_FILE = Enjoyable/Info.plist;
				INFOPLIST_KEY_UIApplicationSupportsIndirectInputEvents = YES;
				INFOPLIST_KEY_UILaunchStoryboardName = LaunchScreen;
				INFOPLIST_KEY_UIMainStoryboardFile = Main;
				INFOPLIST_KEY_UISupportedInterfaceOrientations = UIInterfaceOrientationPortrait;
				INFOPLIST_KEY_UISupportedInterfaceOrientations_iPad = "UIInterfaceOrientationPortrait UIInterfaceOrientationPortraitUpsideDown UIInterfaceOrientationLandscapeLeft UIInterfaceOrientationLandscapeRight";
				INFOPLIST_KEY_UISupportedInterfaceOrientations_iPhone = "UIInterfaceOrientationPortrait UIInterfaceOrientationLandscapeLeft UIInterfaceOrientationLandscapeRight";
				LD_RUNPATH_SEARCH_PATHS = (
					"$(inherited)",
					"@executable_path/Frameworks",
				);
				MARKETING_VERSION = 1.0;
				PRODUCT_BUNDLE_IDENTIFIER = NotYet.Enjoyable;
				PRODUCT_NAME = "$(TARGET_NAME)";
				SWIFT_EMIT_LOC_STRINGS = YES;
				SWIFT_VERSION = 5.0;
				TARGETED_DEVICE_FAMILY = "1,2";
			};
			name = Debug;
		};
		F670ACF72919432700DAF158 /* Release */ = {
			isa = XCBuildConfiguration;
			buildSettings = {
				ASSETCATALOG_COMPILER_APPICON_NAME = AppIcon;
				ASSETCATALOG_COMPILER_GLOBAL_ACCENT_COLOR_NAME = AccentColor;
				CODE_SIGN_STYLE = Automatic;
				CURRENT_PROJECT_VERSION = 1;
				DEVELOPMENT_TEAM = LWVBT323AX;
				GENERATE_INFOPLIST_FILE = YES;
				INFOPLIST_FILE = Enjoyable/Info.plist;
				INFOPLIST_KEY_UIApplicationSupportsIndirectInputEvents = YES;
				INFOPLIST_KEY_UILaunchStoryboardName = LaunchScreen;
				INFOPLIST_KEY_UIMainStoryboardFile = Main;
				INFOPLIST_KEY_UISupportedInterfaceOrientations = UIInterfaceOrientationPortrait;
				INFOPLIST_KEY_UISupportedInterfaceOrientations_iPad = "UIInterfaceOrientationPortrait UIInterfaceOrientationPortraitUpsideDown UIInterfaceOrientationLandscapeLeft UIInterfaceOrientationLandscapeRight";
				INFOPLIST_KEY_UISupportedInterfaceOrientations_iPhone = "UIInterfaceOrientationPortrait UIInterfaceOrientationLandscapeLeft UIInterfaceOrientationLandscapeRight";
				LD_RUNPATH_SEARCH_PATHS = (
					"$(inherited)",
					"@executable_path/Frameworks",
				);
				MARKETING_VERSION = 1.0;
				PRODUCT_BUNDLE_IDENTIFIER = NotYet.Enjoyable;
				PRODUCT_NAME = "$(TARGET_NAME)";
				SWIFT_EMIT_LOC_STRINGS = YES;
				SWIFT_VERSION = 5.0;
				TARGETED_DEVICE_FAMILY = "1,2";
			};
			name = Release;
		};
/* End XCBuildConfiguration section */

/* Begin XCConfigurationList section */
		F670ACDC2919432400DAF158 /* Build configuration list for PBXProject "Enjoyable" */ = {
			isa = XCConfigurationList;
			buildConfigurations = (
				F670ACF32919432700DAF158 /* Debug */,
				F670ACF42919432700DAF158 /* Release */,
			);
			defaultConfigurationIsVisible = 0;
			defaultConfigurationName = Release;
		};
		F670ACF52919432700DAF158 /* Build configuration list for PBXNativeTarget "Enjoyable" */ = {
			isa = XCConfigurationList;
			buildConfigurations = (
				F670ACF62919432700DAF158 /* Debug */,
				F670ACF72919432700DAF158 /* Release */,
			);
			defaultConfigurationIsVisible = 0;
			defaultConfigurationName = Release;
		};
/* End XCConfigurationList section */

/* Begin XCRemoteSwiftPackageReference section */
		F6D0D947291A8F2F0049DA46 /* XCRemoteSwiftPackageReference "Kingfisher" */ = {
			isa = XCRemoteSwiftPackageReference;
			repositoryURL = "https://github.com/onevcat/Kingfisher.git";
			requirement = {
				kind = upToNextMajorVersion;
				minimumVersion = 7.0.0;
			};
		};
/* End XCRemoteSwiftPackageReference section */

/* Begin XCSwiftPackageProductDependency section */
		F6D0D948291A8F2F0049DA46 /* Kingfisher */ = {
			isa = XCSwiftPackageProductDependency;
			package = F6D0D947291A8F2F0049DA46 /* XCRemoteSwiftPackageReference "Kingfisher" */;
			productName = Kingfisher;
		};
/* End XCSwiftPackageProductDependency section */
	};
	rootObject = F670ACD92919432400DAF158 /* Project object */;
}
